<?xml version="1.0" encoding="utf-8"?>
<Project ToolsVersion="4.0" xmlns="http://schemas.microsoft.com/developer/msbuild/2003">
  <ItemGroup>
    <Filter Include="Source Files">
      <UniqueIdentifier>{4FC737F1-C7A5-4376-A066-2A32D752A2FF}</UniqueIdentifier>
      <Extensions>cpp;c;cc;cxx;def;odl;idl;hpj;bat;asm;asmx</Extensions>
    </Filter>
    <Filter Include="Header Files">
      <UniqueIdentifier>{93995380-89BD-4b04-88EB-625FBE52EBFB}</UniqueIdentifier>
      <Extensions>h;hh;hpp;hxx;hm;inl;inc;xsd</Extensions>
    </Filter>
    <Filter Include="Resource Files">
      <UniqueIdentifier>{67DA6AB6-F800-4c08-8B7A-83BB121AAD01}</UniqueIdentifier>
      <Extensions>rc;ico;cur;bmp;dlg;rc2;rct;bin;rgs;gif;jpg;jpeg;jpe;resx;tiff;tif;png;wav;mfcribbon-ms</Extensions>
    </Filter>
  </ItemGroup>
  <ItemGroup>
    <ClCompile Include="src\Core\Engine.cpp">
      <Filter>Source Files</Filter>
    </ClCompile>
    <ClCompile Include="src\Core\ExampleGame.cpp">
      <Filter>Source Files</Filter>
    </ClCompile>
    <ClCompile Include="src\Core\glad.c">
      <Filter>Source Files</Filter>
    </ClCompile>
    <ClCompile Include="src\Core\Main.cpp">
      <Filter>Source Files</Filter>
    </ClCompile>
    <ClCompile Include="src\Core\Window.cpp">
      <Filter>Source Files</Filter>
    </ClCompile>
    <ClCompile Include="src\Graphics\Buffers\CopyBuffer.cpp">
      <Filter>Source Files</Filter>
    </ClCompile>
    <ClCompile Include="src\Graphics\Buffers\InternalCopyBuffer.cpp">
      <Filter>Source Files</Filter>
    </ClCompile>
    <ClCompile Include="src\Graphics\Buffers\VertexBuffer.cpp">
      <Filter>Source Files</Filter>
    </ClCompile>
    <ClCompile Include="src\Graphics\OpenglStuff.cpp">
      <Filter>Source Files</Filter>
    </ClCompile>
    <ClCompile Include="src\Logics\States\Game\TestGame.cpp">
      <Filter>Source Files</Filter>
    </ClCompile>
    <ClCompile Include="src\Logics\States\Loading\Loading.cpp">
      <Filter>Source Files</Filter>
    </ClCompile>
    <ClCompile Include="src\Logics\States\State.cpp">
      <Filter>Source Files</Filter>
    </ClCompile>
    <ClCompile Include="src\Maths\MathFunctions.cpp">
      <Filter>Source Files</Filter>
    </ClCompile>
    <ClCompile Include="src\Utils\File.cpp">
      <Filter>Source Files</Filter>
    </ClCompile>
    <ClCompile Include="src\Utils\Image.cpp">
      <Filter>Source Files</Filter>
    </ClCompile>
    <ClCompile Include="src\Graphics\Renderables\Cube\CubeManager.cpp">
      <Filter>Source Files</Filter>
    </ClCompile>
    <ClCompile Include="src\Graphics\Renderables\Cube\InstancedCube.cpp">
      <Filter>Source Files</Filter>
    </ClCompile>
    <ClCompile Include="src\Graphics\Renderables\Cube\NormalCube.cpp">
      <Filter>Source Files</Filter>
    </ClCompile>
    <ClCompile Include="src\Graphics\Renderer\Renderer.cpp">
      <Filter>Source Files</Filter>
    </ClCompile>
    <ClCompile Include="src\Graphics\Renderables\Renderable.cpp">
      <Filter>Source Files</Filter>
    </ClCompile>
    <ClCompile Include="src\Logics\Entities\GameObject.cpp">
      <Filter>Source Files</Filter>
    </ClCompile>
    <ClCompile Include="src\Logics\Camera\Camera.cpp">
      <Filter>Source Files</Filter>
    </ClCompile>
    <ClCompile Include="src\Logics\ChunkSystem\Chunk.cpp">
      <Filter>Source Files</Filter>
    </ClCompile>
    <ClCompile Include="src\Logics\ChunkSystem\ChunkSystem.cpp">
      <Filter>Source Files</Filter>
    </ClCompile>
    <ClCompile Include="src\Graphics\Textures\TextureArray2D.cpp">
      <Filter>Source Files</Filter>
    </ClCompile>
    <ClCompile Include="src\Logics\Entities\Listener\RenderListener.cpp">
      <Filter>Source Files</Filter>
    </ClCompile>
    <ClCompile Include="src\Logics\Entities\Listener\MovingTickListener.cpp">
      <Filter>Source Files</Filter>
    </ClCompile>
    <ClCompile Include="src\Graphics\Renderables\Border\BorderManager.cpp">
      <Filter>Source Files</Filter>
    </ClCompile>
    <ClCompile Include="src\Graphics\Renderables\Border\CubeBorder.cpp">
      <Filter>Source Files</Filter>
    </ClCompile>
    <ClCompile Include="src\Logics\Entities\Listener\StaticTickListener.cpp">
      <Filter>Source Files</Filter>
    </ClCompile>
    <ClCompile Include="src\Physics\Colliders\Collider.cpp">
      <Filter>Source Files</Filter>
    </ClCompile>
    <ClCompile Include="src\Physics\Colliders\CubeCollider.cpp">
      <Filter>Source Files</Filter>
    </ClCompile>
    <ClCompile Include="src\Physics\Colliders\Hitbox.cpp">
      <Filter>Source Files</Filter>
    </ClCompile>
    <ClCompile Include="src\Physics\Colliders\SphereCollider.cpp">
      <Filter>Source Files</Filter>
    </ClCompile>
  </ItemGroup>
  <ItemGroup>
    <ClInclude Include="src\Core\Engine.h">
      <Filter>Header Files</Filter>
    </ClInclude>
    <ClInclude Include="src\Core\ExampleGame.h">
      <Filter>Header Files</Filter>
    </ClInclude>
    <ClInclude Include="src\Core\Window.h">
      <Filter>Header Files</Filter>
    </ClInclude>
    <ClInclude Include="src\Graphics\Buffers\CopyBuffer.h">
      <Filter>Header Files</Filter>
    </ClInclude>
    <ClInclude Include="src\Graphics\Buffers\IndexBuffer.h">
      <Filter>Header Files</Filter>
    </ClInclude>
    <ClInclude Include="src\Graphics\Buffers\InternalCopyBuffer.h">
      <Filter>Header Files</Filter>
    </ClInclude>
    <ClInclude Include="src\Graphics\Buffers\VertexArray.h">
      <Filter>Header Files</Filter>
    </ClInclude>
    <ClInclude Include="src\Graphics\Buffers\VertexBuffer.h">
      <Filter>Header Files</Filter>
    </ClInclude>
    <ClInclude Include="src\Graphics\Renderables\BadTerrainTest.h">
      <Filter>Header Files</Filter>
    </ClInclude>
    <ClInclude Include="src\Graphics\Renderables\Mesh.h">
      <Filter>Header Files</Filter>
    </ClInclude>
    <ClInclude Include="src\Graphics\Renderables\Model.h">
      <Filter>Header Files</Filter>
    </ClInclude>
    <ClInclude Include="src\Graphics\Textures\Material.h">
      <Filter>Header Files</Filter>
    </ClInclude>
    <ClInclude Include="src\Graphics\Textures\SpriteSheet.h">
      <Filter>Header Files</Filter>
    </ClInclude>
    <ClInclude Include="src\Graphics\Textures\Texture2D.h">
      <Filter>Header Files</Filter>
    </ClInclude>
    <ClInclude Include="src\Graphics\Textures\TextureArray2D.h">
      <Filter>Header Files</Filter>
    </ClInclude>
    <ClInclude Include="src\Graphics\OpenglStuff.h">
      <Filter>Header Files</Filter>
    </ClInclude>
    <ClInclude Include="src\Logics\Camera\Camera.h">
      <Filter>Header Files</Filter>
    </ClInclude>
    <ClInclude Include="src\Logics\States\Game\TestGame.h">
      <Filter>Header Files</Filter>
    </ClInclude>
    <ClInclude Include="src\Logics\States\Loading\Loading.h">
      <Filter>Header Files</Filter>
    </ClInclude>
    <ClInclude Include="src\Logics\States\State.h">
      <Filter>Header Files</Filter>
    </ClInclude>
    <ClInclude Include="src\Maths\Mat2x2.h">
      <Filter>Header Files</Filter>
    </ClInclude>
    <ClInclude Include="src\Maths\Mat2x3.h">
      <Filter>Header Files</Filter>
    </ClInclude>
    <ClInclude Include="src\Maths\Mat2x4.h">
      <Filter>Header Files</Filter>
    </ClInclude>
    <ClInclude Include="src\Maths\Mat3x2.h">
      <Filter>Header Files</Filter>
    </ClInclude>
    <ClInclude Include="src\Maths\Mat3x3.h">
      <Filter>Header Files</Filter>
    </ClInclude>
    <ClInclude Include="src\Maths\Mat3x4.h">
      <Filter>Header Files</Filter>
    </ClInclude>
    <ClInclude Include="src\Maths\Mat4.h">
      <Filter>Header Files</Filter>
    </ClInclude>
    <ClInclude Include="src\Maths\Mat4x2.h">
      <Filter>Header Files</Filter>
    </ClInclude>
    <ClInclude Include="src\Maths\Mat4x3.h">
      <Filter>Header Files</Filter>
    </ClInclude>
    <ClInclude Include="src\Maths\Mat4x4.h">
      <Filter>Header Files</Filter>
    </ClInclude>
    <ClInclude Include="src\Maths\MathFunctions.h">
      <Filter>Header Files</Filter>
    </ClInclude>
    <ClInclude Include="src\Maths\Vec2.h">
      <Filter>Header Files</Filter>
    </ClInclude>
    <ClInclude Include="src\Maths\Vec3.h">
      <Filter>Header Files</Filter>
    </ClInclude>
    <ClInclude Include="src\Maths\Vec4.h">
      <Filter>Header Files</Filter>
    </ClInclude>
    <ClInclude Include="src\Utils\Structures\LinkedList.h">
      <Filter>Header Files</Filter>
    </ClInclude>
    <ClInclude Include="src\Utils\File.h">
      <Filter>Header Files</Filter>
    </ClInclude>
    <ClInclude Include="src\Utils\Helper.h">
      <Filter>Header Files</Filter>
    </ClInclude>
    <ClInclude Include="src\Utils\Image.h">
      <Filter>Header Files</Filter>
    </ClInclude>
    <ClInclude Include="src\Graphics\Renderer\Shader.h">
      <Filter>Header Files</Filter>
    </ClInclude>
    <ClInclude Include="src\Graphics\Renderables\Cube\CubeManager.h">
      <Filter>Header Files</Filter>
    </ClInclude>
    <ClInclude Include="src\Graphics\Renderables\Cube\InstancedCube.h">
      <Filter>Header Files</Filter>
    </ClInclude>
    <ClInclude Include="src\Graphics\Renderables\Cube\NormalCube.h">
      <Filter>Header Files</Filter>
    </ClInclude>
    <ClInclude Include="src\Graphics\Renderables\Cube\Cube.h">
      <Filter>Header Files</Filter>
    </ClInclude>
    <ClInclude Include="src\Graphics\Renderer\Renderer.h">
      <Filter>Header Files</Filter>
    </ClInclude>
    <ClInclude Include="src\Graphics\Renderables\Renderable.h">
      <Filter>Header Files</Filter>
    </ClInclude>
    <ClInclude Include="src\Physics\Colliders\Collider.h">
      <Filter>Header Files</Filter>
    </ClInclude>
    <ClInclude Include="src\Logics\Entities\Listener\RenderListener.h">
      <Filter>Header Files</Filter>
    </ClInclude>
    <ClInclude Include="src\Logics\Entities\GameObject.h">
      <Filter>Header Files</Filter>
    </ClInclude>
    <ClInclude Include="src\Logics\Entities\Test.h">
      <Filter>Header Files</Filter>
    </ClInclude>
    <ClInclude Include="src\Logics\ChunkSystem\ChunkSystem.h">
      <Filter>Header Files</Filter>
    </ClInclude>
    <ClInclude Include="src\Logics\ChunkSystem\Chunk.h">
      <Filter>Header Files</Filter>
    </ClInclude>
    <ClInclude Include="src\Graphics\Buffers\FrameBuffer.h">
      <Filter>Header Files</Filter>
    </ClInclude>
    <ClInclude Include="src\Logics\Entities\Listener\MovingTickListener.h">
      <Filter>Header Files</Filter>
    </ClInclude>
    <ClInclude Include="src\Logics\Entities\Listener\StaticTickListener.h">
      <Filter>Header Files</Filter>
    </ClInclude>
    <ClInclude Include="src\Logics\Entities\Listener\KeyListener.h">
      <Filter>Header Files</Filter>
    </ClInclude>
    <ClInclude Include="src\Logics\Entities\Listener\MouseListener.h">
      <Filter>Header Files</Filter>
    </ClInclude>
    <ClInclude Include="src\Graphics\Renderables\Border\BorderManager.h">
      <Filter>Header Files</Filter>
    </ClInclude>
    <ClInclude Include="src\Graphics\Renderables\Border\CubeBorder.h">
      <Filter>Header Files</Filter>
    </ClInclude>
    <ClInclude Include="src\Graphics\Renderables\Border\SphereBorder.h">
      <Filter>Header Files</Filter>
    </ClInclude>
    <ClInclude Include="src\Physics\Colliders\Hitbox.h">
      <Filter>Header Files</Filter>
    </ClInclude>
    <ClInclude Include="src\Physics\Colliders\CubeCollider.h">
      <Filter>Header Files</Filter>
    </ClInclude>
    <ClInclude Include="src\Physics\Colliders\SphereCollider.h">
      <Filter>Header Files</Filter>
    </ClInclude>
    <ClInclude Include="src\Utils\ThreadPool.h">
      <Filter>Header Files</Filter>
    </ClInclude>
  </ItemGroup>
  <ItemGroup>
    <None Include="res\Shaders\Default\Instancing.fs" />
    <None Include="res\Shaders\Default\Instancing.vs" />
    <None Include="res\Shaders\Default\Normal.fs" />
    <None Include="res\Shaders\Default\Normal.vs" />
    <None Include="res\Shaders\Default\Border.fs" />
    <None Include="res\Shaders\Default\Border.vs" />
  </ItemGroup>
</Project>